{
  "name": "http-otel",
  "lockfileVersion": 3,
  "requires": true,
  "packages": {
    "": {
      "dependencies": {
        "@opentelemetry/api": "1.8.0",
        "@opentelemetry/exporter-jaeger": "1.24.1",
        "@opentelemetry/exporter-trace-otlp-http": "0.51.1",
        "@opentelemetry/resources": "1.24.0",
        "@opentelemetry/sdk-trace-base": "1.24.0",
        "@opentelemetry/semantic-conventions": "1.24.0"
      }
    },
    "node_modules/@opentelemetry/api": {
      "version": "1.8.0",
      "resolved": "https://registry.npmjs.org/@opentelemetry/api/-/api-1.8.0.tgz",
      "integrity": "sha512-I/s6F7yKUDdtMsoBWXJe8Qz40Tui5vsuKCWJEWVL+5q9sSWRzzx6v2KeNsOBEwd94j0eWkpWCH4yB6rZg9Mf0w==",
      "engines": {
        "node": ">=8.0.0"
      }
    },
    "node_modules/@opentelemetry/api-logs": {
      "version": "0.51.1",
      "resolved": "https://registry.npmjs.org/@opentelemetry/api-logs/-/api-logs-0.51.1.tgz",
      "integrity": "sha512-E3skn949Pk1z2XtXu/lxf6QAZpawuTM/IUEXcAzpiUkTd73Hmvw26FiN3cJuTmkpM5hZzHwkomVdtrh/n/zzwA==",
      "dependencies": {
        "@opentelemetry/api": "^1.0.0"
      },
      "engines": {
        "node": ">=14"
      }
    },
    "node_modules/@opentelemetry/core": {
      "version": "1.24.1",
      "resolved": "https://registry.npmjs.org/@opentelemetry/core/-/core-1.24.1.tgz",
      "integrity": "sha512-wMSGfsdmibI88K9wB498zXY04yThPexo8jvwNNlm542HZB7XrrMRBbAyKJqG8qDRJwIBdBrPMi4V9ZPW/sqrcg==",
      "dependencies": {
        "@opentelemetry/semantic-conventions": "1.24.1"
      },
      "engines": {
        "node": ">=14"
      },
      "peerDependencies": {
        "@opentelemetry/api": ">=1.0.0 <1.9.0"
      }
    },
    "node_modules/@opentelemetry/core/node_modules/@opentelemetry/semantic-conventions": {
      "version": "1.24.1",
      "resolved": "https://registry.npmjs.org/@opentelemetry/semantic-conventions/-/semantic-conventions-1.24.1.tgz",
      "integrity": "sha512-VkliWlS4/+GHLLW7J/rVBA00uXus1SWvwFvcUDxDwmFxYfg/2VI6ekwdXS28cjI8Qz2ky2BzG8OUHo+WeYIWqw==",
      "engines": {
        "node": ">=14"
      }
    },
    "node_modules/@opentelemetry/exporter-jaeger": {
      "version": "1.24.1",
      "resolved": "https://registry.npmjs.org/@opentelemetry/exporter-jaeger/-/exporter-jaeger-1.24.1.tgz",
      "integrity": "sha512-zrcY76PVR4itZD2oxQdFgnvS/Lst1CxmMofOhngvTDIXVqSTEf00QfmdIQUljwmycYwxZIvbJ445k3AGRBbZKQ==",
      "dependencies": {
        "@opentelemetry/core": "1.24.1",
        "@opentelemetry/sdk-trace-base": "1.24.1",
        "@opentelemetry/semantic-conventions": "1.24.1",
        "jaeger-client": "^3.15.0"
      },
      "engines": {
        "node": ">=14"
      },
      "peerDependencies": {
        "@opentelemetry/api": "^1.0.0"
      }
    },
    "node_modules/@opentelemetry/exporter-jaeger/node_modules/@opentelemetry/resources": {
      "version": "1.24.1",
      "resolved": "https://registry.npmjs.org/@opentelemetry/resources/-/resources-1.24.1.tgz",
      "integrity": "sha512-cyv0MwAaPF7O86x5hk3NNgenMObeejZFLJJDVuSeSMIsknlsj3oOZzRv3qSzlwYomXsICfBeFFlxwHQte5mGXQ==",
      "dependencies": {
        "@opentelemetry/core": "1.24.1",
        "@opentelemetry/semantic-conventions": "1.24.1"
      },
      "engines": {
        "node": ">=14"
      },
      "peerDependencies": {
        "@opentelemetry/api": ">=1.0.0 <1.9.0"
      }
    },
    "node_modules/@opentelemetry/exporter-jaeger/node_modules/@opentelemetry/sdk-trace-base": {
      "version": "1.24.1",
      "resolved": "https://registry.npmjs.org/@opentelemetry/sdk-trace-base/-/sdk-trace-base-1.24.1.tgz",
      "integrity": "sha512-zz+N423IcySgjihl2NfjBf0qw1RWe11XIAWVrTNOSSI6dtSPJiVom2zipFB2AEEtJWpv0Iz6DY6+TjnyTV5pWg==",
      "dependencies": {
        "@opentelemetry/core": "1.24.1",
        "@opentelemetry/resources": "1.24.1",
        "@opentelemetry/semantic-conventions": "1.24.1"
      },
      "engines": {
        "node": ">=14"
      },
      "peerDependencies": {
        "@opentelemetry/api": ">=1.0.0 <1.9.0"
      }
    },
    "node_modules/@opentelemetry/exporter-jaeger/node_modules/@opentelemetry/semantic-conventions": {
      "version": "1.24.1",
      "resolved": "https://registry.npmjs.org/@opentelemetry/semantic-conventions/-/semantic-conventions-1.24.1.tgz",
      "integrity": "sha512-VkliWlS4/+GHLLW7J/rVBA00uXus1SWvwFvcUDxDwmFxYfg/2VI6ekwdXS28cjI8Qz2ky2BzG8OUHo+WeYIWqw==",
      "engines": {
        "node": ">=14"
      }
    },
    "node_modules/@opentelemetry/exporter-trace-otlp-http": {
      "version": "0.51.1",
      "resolved": "https://registry.npmjs.org/@opentelemetry/exporter-trace-otlp-http/-/exporter-trace-otlp-http-0.51.1.tgz",
      "integrity": "sha512-n+LhLPsX07URh+HhV2SHVSvz1t4G/l/CE5BjpmhAPqeTceFac1VpyQkavWEJbvnK5bUEXijWt4LxAxFpt2fXyw==",
      "dependencies": {
        "@opentelemetry/core": "1.24.1",
        "@opentelemetry/otlp-exporter-base": "0.51.1",
        "@opentelemetry/otlp-transformer": "0.51.1",
        "@opentelemetry/resources": "1.24.1",
        "@opentelemetry/sdk-trace-base": "1.24.1"
      },
      "engines": {
        "node": ">=14"
      },
      "peerDependencies": {
        "@opentelemetry/api": "^1.0.0"
      }
    },
    "node_modules/@opentelemetry/exporter-trace-otlp-http/node_modules/@opentelemetry/resources": {
      "version": "1.24.1",
      "resolved": "https://registry.npmjs.org/@opentelemetry/resources/-/resources-1.24.1.tgz",
      "integrity": "sha512-cyv0MwAaPF7O86x5hk3NNgenMObeejZFLJJDVuSeSMIsknlsj3oOZzRv3qSzlwYomXsICfBeFFlxwHQte5mGXQ==",
      "dependencies": {
        "@opentelemetry/core": "1.24.1",
        "@opentelemetry/semantic-conventions": "1.24.1"
      },
      "engines": {
        "node": ">=14"
      },
      "peerDependencies": {
        "@opentelemetry/api": ">=1.0.0 <1.9.0"
      }
    },
    "node_modules/@opentelemetry/exporter-trace-otlp-http/node_modules/@opentelemetry/sdk-trace-base": {
      "version": "1.24.1",
      "resolved": "https://registry.npmjs.org/@opentelemetry/sdk-trace-base/-/sdk-trace-base-1.24.1.tgz",
      "integrity": "sha512-zz+N423IcySgjihl2NfjBf0qw1RWe11XIAWVrTNOSSI6dtSPJiVom2zipFB2AEEtJWpv0Iz6DY6+TjnyTV5pWg==",
      "dependencies": {
        "@opentelemetry/core": "1.24.1",
        "@opentelemetry/resources": "1.24.1",
        "@opentelemetry/semantic-conventions": "1.24.1"
      },
      "engines": {
        "node": ">=14"
      },
      "peerDependencies": {
        "@opentelemetry/api": ">=1.0.0 <1.9.0"
      }
    },
    "node_modules/@opentelemetry/exporter-trace-otlp-http/node_modules/@opentelemetry/semantic-conventions": {
      "version": "1.24.1",
      "resolved": "https://registry.npmjs.org/@opentelemetry/semantic-conventions/-/semantic-conventions-1.24.1.tgz",
      "integrity": "sha512-VkliWlS4/+GHLLW7J/rVBA00uXus1SWvwFvcUDxDwmFxYfg/2VI6ekwdXS28cjI8Qz2ky2BzG8OUHo+WeYIWqw==",
      "engines": {
        "node": ">=14"
      }
    },
    "node_modules/@opentelemetry/otlp-exporter-base": {
      "version": "0.51.1",
      "resolved": "https://registry.npmjs.org/@opentelemetry/otlp-exporter-base/-/otlp-exporter-base-0.51.1.tgz",
      "integrity": "sha512-UYlnOYyDdzo1Gw559EHCzru0RwhvuXCwoH8jGo9J4gO1TE58GjnEmIjomMsKBCym3qWNJfIQXw+9SZCV0DdQNg==",
      "dependencies": {
        "@opentelemetry/core": "1.24.1"
      },
      "engines": {
        "node": ">=14"
      },
      "peerDependencies": {
        "@opentelemetry/api": "^1.0.0"
      }
    },
    "node_modules/@opentelemetry/otlp-transformer": {
      "version": "0.51.1",
      "resolved": "https://registry.npmjs.org/@opentelemetry/otlp-transformer/-/otlp-transformer-0.51.1.tgz",
      "integrity": "sha512-OppYOXwV9LQqqtYUCywqoOqX/JT9LQ5/FMuPZ//eTkvuHdUC4ZMwz2c6uSoT2R90GWvvGnF1iEqTGyTT3xAt2Q==",
      "dependencies": {
        "@opentelemetry/api-logs": "0.51.1",
        "@opentelemetry/core": "1.24.1",
        "@opentelemetry/resources": "1.24.1",
        "@opentelemetry/sdk-logs": "0.51.1",
        "@opentelemetry/sdk-metrics": "1.24.1",
        "@opentelemetry/sdk-trace-base": "1.24.1"
      },
      "engines": {
        "node": ">=14"
      },
      "peerDependencies": {
        "@opentelemetry/api": ">=1.3.0 <1.9.0"
      }
    },
    "node_modules/@opentelemetry/otlp-transformer/node_modules/@opentelemetry/resources": {
      "version": "1.24.1",
      "resolved": "https://registry.npmjs.org/@opentelemetry/resources/-/resources-1.24.1.tgz",
      "integrity": "sha512-cyv0MwAaPF7O86x5hk3NNgenMObeejZFLJJDVuSeSMIsknlsj3oOZzRv3qSzlwYomXsICfBeFFlxwHQte5mGXQ==",
      "dependencies": {
        "@opentelemetry/core": "1.24.1",
        "@opentelemetry/semantic-conventions": "1.24.1"
      },
      "engines": {
        "node": ">=14"
      },
      "peerDependencies": {
        "@opentelemetry/api": ">=1.0.0 <1.9.0"
      }
    },
    "node_modules/@opentelemetry/otlp-transformer/node_modules/@opentelemetry/sdk-trace-base": {
      "version": "1.24.1",
      "resolved": "https://registry.npmjs.org/@opentelemetry/sdk-trace-base/-/sdk-trace-base-1.24.1.tgz",
      "integrity": "sha512-zz+N423IcySgjihl2NfjBf0qw1RWe11XIAWVrTNOSSI6dtSPJiVom2zipFB2AEEtJWpv0Iz6DY6+TjnyTV5pWg==",
      "dependencies": {
        "@opentelemetry/core": "1.24.1",
        "@opentelemetry/resources": "1.24.1",
        "@opentelemetry/semantic-conventions": "1.24.1"
      },
      "engines": {
        "node": ">=14"
      },
      "peerDependencies": {
        "@opentelemetry/api": ">=1.0.0 <1.9.0"
      }
    },
    "node_modules/@opentelemetry/otlp-transformer/node_modules/@opentelemetry/semantic-conventions": {
      "version": "1.24.1",
      "resolved": "https://registry.npmjs.org/@opentelemetry/semantic-conventions/-/semantic-conventions-1.24.1.tgz",
      "integrity": "sha512-VkliWlS4/+GHLLW7J/rVBA00uXus1SWvwFvcUDxDwmFxYfg/2VI6ekwdXS28cjI8Qz2ky2BzG8OUHo+WeYIWqw==",
      "engines": {
        "node": ">=14"
      }
    },
    "node_modules/@opentelemetry/resources": {
      "version": "1.24.0",
      "resolved": "https://registry.npmjs.org/@opentelemetry/resources/-/resources-1.24.0.tgz",
      "integrity": "sha512-mxC7E7ocUS1tLzepnA7O9/G8G6ZTdjCH2pXme1DDDuCuk6n2/53GADX+GWBuyX0dfIxeMInIbJAdjlfN9GNr6A==",
      "dependencies": {
        "@opentelemetry/core": "1.24.0",
        "@opentelemetry/semantic-conventions": "1.24.0"
      },
      "engines": {
        "node": ">=14"
      },
      "peerDependencies": {
        "@opentelemetry/api": ">=1.0.0 <1.9.0"
      }
    },
    "node_modules/@opentelemetry/resources/node_modules/@opentelemetry/core": {
      "version": "1.24.0",
      "resolved": "https://registry.npmjs.org/@opentelemetry/core/-/core-1.24.0.tgz",
      "integrity": "sha512-FP2oN7mVPqcdxJDTTnKExj4mi91EH+DNuArKfHTjPuJWe2K1JfMIVXNfahw1h3onJxQnxS8K0stKkogX05s+Aw==",
      "dependencies": {
        "@opentelemetry/semantic-conventions": "1.24.0"
      },
      "engines": {
        "node": ">=14"
      },
      "peerDependencies": {
        "@opentelemetry/api": ">=1.0.0 <1.9.0"
      }
    },
    "node_modules/@opentelemetry/sdk-logs": {
      "version": "0.51.1",
      "resolved": "https://registry.npmjs.org/@opentelemetry/sdk-logs/-/sdk-logs-0.51.1.tgz",
      "integrity": "sha512-ULQQtl82b673PpZc5/0EtH4V+BrwVOgKJZEB7tYZnGTG3I98tQVk89S9/JSixomDr++F4ih+LSJTCqIKBz+MQQ==",
      "dependencies": {
        "@opentelemetry/core": "1.24.1",
        "@opentelemetry/resources": "1.24.1"
      },
      "engines": {
        "node": ">=14"
      },
      "peerDependencies": {
        "@opentelemetry/api": ">=1.4.0 <1.9.0",
        "@opentelemetry/api-logs": ">=0.39.1"
      }
    },
    "node_modules/@opentelemetry/sdk-logs/node_modules/@opentelemetry/resources": {
      "version": "1.24.1",
      "resolved": "https://registry.npmjs.org/@opentelemetry/resources/-/resources-1.24.1.tgz",
      "integrity": "sha512-cyv0MwAaPF7O86x5hk3NNgenMObeejZFLJJDVuSeSMIsknlsj3oOZzRv3qSzlwYomXsICfBeFFlxwHQte5mGXQ==",
      "dependencies": {
        "@opentelemetry/core": "1.24.1",
        "@opentelemetry/semantic-conventions": "1.24.1"
      },
      "engines": {
        "node": ">=14"
      },
      "peerDependencies": {
        "@opentelemetry/api": ">=1.0.0 <1.9.0"
      }
    },
    "node_modules/@opentelemetry/sdk-logs/node_modules/@opentelemetry/semantic-conventions": {
      "version": "1.24.1",
      "resolved": "https://registry.npmjs.org/@opentelemetry/semantic-conventions/-/semantic-conventions-1.24.1.tgz",
      "integrity": "sha512-VkliWlS4/+GHLLW7J/rVBA00uXus1SWvwFvcUDxDwmFxYfg/2VI6ekwdXS28cjI8Qz2ky2BzG8OUHo+WeYIWqw==",
      "engines": {
        "node": ">=14"
      }
    },
    "node_modules/@opentelemetry/sdk-metrics": {
      "version": "1.24.1",
      "resolved": "https://registry.npmjs.org/@opentelemetry/sdk-metrics/-/sdk-metrics-1.24.1.tgz",
      "integrity": "sha512-FrAqCbbGao9iKI+Mgh+OsC9+U2YMoXnlDHe06yH7dvavCKzE3S892dGtX54+WhSFVxHR/TMRVJiK/CV93GR0TQ==",
      "dependencies": {
        "@opentelemetry/core": "1.24.1",
        "@opentelemetry/resources": "1.24.1",
        "lodash.merge": "^4.6.2"
      },
      "engines": {
        "node": ">=14"
      },
      "peerDependencies": {
        "@opentelemetry/api": ">=1.3.0 <1.9.0"
      }
    },
    "node_modules/@opentelemetry/sdk-metrics/node_modules/@opentelemetry/resources": {
      "version": "1.24.1",
      "resolved": "https://registry.npmjs.org/@opentelemetry/resources/-/resources-1.24.1.tgz",
      "integrity": "sha512-cyv0MwAaPF7O86x5hk3NNgenMObeejZFLJJDVuSeSMIsknlsj3oOZzRv3qSzlwYomXsICfBeFFlxwHQte5mGXQ==",
      "dependencies": {
        "@opentelemetry/core": "1.24.1",
        "@opentelemetry/semantic-conventions": "1.24.1"
      },
      "engines": {
        "node": ">=14"
      },
      "peerDependencies": {
        "@opentelemetry/api": ">=1.0.0 <1.9.0"
      }
    },
    "node_modules/@opentelemetry/sdk-metrics/node_modules/@opentelemetry/semantic-conventions": {
      "version": "1.24.1",
      "resolved": "https://registry.npmjs.org/@opentelemetry/semantic-conventions/-/semantic-conventions-1.24.1.tgz",
      "integrity": "sha512-VkliWlS4/+GHLLW7J/rVBA00uXus1SWvwFvcUDxDwmFxYfg/2VI6ekwdXS28cjI8Qz2ky2BzG8OUHo+WeYIWqw==",
      "engines": {
        "node": ">=14"
      }
    },
    "node_modules/@opentelemetry/sdk-trace-base": {
      "version": "1.24.0",
      "resolved": "https://registry.npmjs.org/@opentelemetry/sdk-trace-base/-/sdk-trace-base-1.24.0.tgz",
      "integrity": "sha512-H9sLETZ4jw9UJ3totV8oM5R0m4CW0ZIOLfp4NV3g0CM8HD5zGZcaW88xqzWDgiYRpctFxd+WmHtGX/Upoa2vRg==",
      "dependencies": {
        "@opentelemetry/core": "1.24.0",
        "@opentelemetry/resources": "1.24.0",
        "@opentelemetry/semantic-conventions": "1.24.0"
      },
      "engines": {
        "node": ">=14"
      },
      "peerDependencies": {
        "@opentelemetry/api": ">=1.0.0 <1.9.0"
      }
    },
    "node_modules/@opentelemetry/sdk-trace-base/node_modules/@opentelemetry/core": {
      "version": "1.24.0",
      "resolved": "https://registry.npmjs.org/@opentelemetry/core/-/core-1.24.0.tgz",
      "integrity": "sha512-FP2oN7mVPqcdxJDTTnKExj4mi91EH+DNuArKfHTjPuJWe2K1JfMIVXNfahw1h3onJxQnxS8K0stKkogX05s+Aw==",
      "dependencies": {
        "@opentelemetry/semantic-conventions": "1.24.0"
      },
      "engines": {
        "node": ">=14"
      },
      "peerDependencies": {
        "@opentelemetry/api": ">=1.0.0 <1.9.0"
      }
    },
    "node_modules/@opentelemetry/semantic-conventions": {
      "version": "1.24.0",
      "resolved": "https://registry.npmjs.org/@opentelemetry/semantic-conventions/-/semantic-conventions-1.24.0.tgz",
      "integrity": "sha512-yL0jI6Ltuz8R+Opj7jClGrul6pOoYrdfVmzQS4SITXRPH7I5IRZbrwe/6/v8v4WYMa6MYZG480S1+uc/IGfqsA==",
      "engines": {
        "node": ">=14"
      }
    },
    "node_modules/ansi-color": {
      "version": "0.2.1",
      "resolved": "https://registry.npmjs.org/ansi-color/-/ansi-color-0.2.1.tgz",
      "integrity": "sha512-bF6xLaZBLpOQzgYUtYEhJx090nPSZk1BQ/q2oyBK9aMMcJHzx9uXGCjI2Y+LebsN4Jwoykr0V9whbPiogdyHoQ==",
      "engines": {
        "node": "*"
      }
    },
    "node_modules/bufrw": {
      "version": "1.4.0",
      "resolved": "https://registry.npmjs.org/bufrw/-/bufrw-1.4.0.tgz",
      "integrity": "sha512-sWm8iPbqvL9+5SiYxXH73UOkyEbGQg7kyHQmReF89WJHQJw2eV4P/yZ0E+b71cczJ4pPobVhXxgQcmfSTgGHxQ==",
      "dependencies": {
        "ansi-color": "^0.2.1",
        "error": "^7.0.0",
        "hexer": "^1.5.0",
        "xtend": "^4.0.0"
      },
      "engines": {
        "node": ">= 0.10.x"
      }
    },
    "node_modules/error": {
      "version": "7.0.2",
      "resolved": "https://registry.npmjs.org/error/-/error-7.0.2.tgz",
      "integrity": "sha512-UtVv4l5MhijsYUxPJo4390gzfZvAnTHreNnDjnTZaKIiZ/SemXxAhBkYSKtWa5RtBXbLP8tMgn/n0RUa/H7jXw==",
      "dependencies": {
        "string-template": "~0.2.1",
        "xtend": "~4.0.0"
      }
    },
    "node_modules/hexer": {
      "version": "1.5.0",
      "resolved": "https://registry.npmjs.org/hexer/-/hexer-1.5.0.tgz",
      "integrity": "sha512-dyrPC8KzBzUJ19QTIo1gXNqIISRXQ0NwteW6OeQHRN4ZuZeHkdODfj0zHBdOlHbRY8GqbqK57C9oWSvQZizFsg==",
      "dependencies": {
        "ansi-color": "^0.2.1",
        "minimist": "^1.1.0",
        "process": "^0.10.0",
        "xtend": "^4.0.0"
      },
      "bin": {
        "hexer": "cli.js"
      },
      "engines": {
        "node": ">= 0.10.x"
      }
    },
    "node_modules/jaeger-client": {
      "version": "3.19.0",
      "resolved": "https://registry.npmjs.org/jaeger-client/-/jaeger-client-3.19.0.tgz",
      "integrity": "sha512-M0c7cKHmdyEUtjemnJyx/y9uX16XHocL46yQvyqDlPdvAcwPDbHrIbKjQdBqtiE4apQ/9dmr+ZLJYYPGnurgpw==",
      "dependencies": {
        "node-int64": "^0.4.0",
        "opentracing": "^0.14.4",
        "thriftrw": "^3.5.0",
        "uuid": "^8.3.2",
        "xorshift": "^1.1.1"
      },
      "engines": {
        "node": ">=10"
      }
    },
    "node_modules/lodash.merge": {
      "version": "4.6.2",
      "resolved": "https://registry.npmjs.org/lodash.merge/-/lodash.merge-4.6.2.tgz",
      "integrity": "sha512-0KpjqXRVvrYyCsX1swR/XTK0va6VQkQM6MNo7PqW77ByjAhoARA8EfrP1N4+KlKj8YS0ZUCtRT/YUuhyYDujIQ=="
    },
    "node_modules/long": {
      "version": "2.4.0",
      "resolved": "https://registry.npmjs.org/long/-/long-2.4.0.tgz",
      "integrity": "sha512-ijUtjmO/n2A5PaosNG9ZGDsQ3vxJg7ZW8vsY8Kp0f2yIZWhSJvjmegV7t+9RPQKxKrvj8yKGehhS+po14hPLGQ==",
      "engines": {
        "node": ">=0.6"
      }
    },
    "node_modules/minimist": {
      "version": "1.2.8",
      "resolved": "https://registry.npmjs.org/minimist/-/minimist-1.2.8.tgz",
      "integrity": "sha512-2yyAR8qBkN3YuheJanUpWC5U3bb5osDywNB8RzDVlDwDHbocAJveqqj1u8+SVD7jkWT4yvsHCpWqqWqAxb0zCA==",
      "funding": {
        "url": "https://github.com/sponsors/ljharb"
      }
    },
    "node_modules/node-int64": {
      "version": "0.4.0",
      "resolved": "https://registry.npmjs.org/node-int64/-/node-int64-0.4.0.tgz",
      "integrity": "sha512-O5lz91xSOeoXP6DulyHfllpq+Eg00MWitZIbtPfoSEvqIHdl5gfcY6hYzDWnj0qD5tz52PI08u9qUvSVeUBeHw=="
    },
    "node_modules/opentracing": {
      "version": "0.14.7",
      "resolved": "https://registry.npmjs.org/opentracing/-/opentracing-0.14.7.tgz",
      "integrity": "sha512-vz9iS7MJ5+Bp1URw8Khvdyw1H/hGvzHWlKQ7eRrQojSCDL1/SrWfrY9QebLw97n2deyRtzHRC3MkQfVNUCo91Q==",
      "engines": {
        "node": ">=0.10"
      }
    },
    "node_modules/process": {
      "version": "0.10.1",
      "resolved": "https://registry.npmjs.org/process/-/process-0.10.1.tgz",
      "integrity": "sha512-dyIett8dgGIZ/TXKUzeYExt7WA6ldDzys9vTDU/cCA9L17Ypme+KzS+NjQCjpn9xsvi/shbMC+yP/BcFMBz0NA==",
      "engines": {
        "node": ">= 0.6.0"
      }
    },
    "node_modules/string-template": {
      "version": "0.2.1",
      "resolved": "https://registry.npmjs.org/string-template/-/string-template-0.2.1.tgz",
      "integrity": "sha512-Yptehjogou2xm4UJbxJ4CxgZx12HBfeystp0y3x7s4Dj32ltVVG1Gg8YhKjHZkHicuKpZX/ffilA8505VbUbpw=="
    },
    "node_modules/thriftrw": {
      "version": "3.11.4",
      "resolved": "https://registry.npmjs.org/thriftrw/-/thriftrw-3.11.4.tgz",
      "integrity": "sha512-UcuBd3eanB3T10nXWRRMwfwoaC6VMk7qe3/5YIWP2Jtw+EbHqJ0p1/K3x8ixiR5dozKSSfcg1W+0e33G1Di3XA==",
      "dependencies": {
        "bufrw": "^1.2.1",
        "error": "7.0.2",
        "long": "^2.4.0"
      },
      "bin": {
        "thrift2json": "thrift2json.js"
      },
      "engines": {
        "node": ">= 0.10.x"
      }
    },
    "node_modules/uuid": {
      "version": "8.3.2",
      "resolved": "https://registry.npmjs.org/uuid/-/uuid-8.3.2.tgz",
      "integrity": "sha512-+NYs2QeMWy+GWFOEm9xnn6HCDp0l7QBD7ml8zLUmJ+93Q5NF0NocErnwkTkXVFNiX3/fpC6afS8Dhb/gz7R7eg==",
      "bin": {
        "uuid": "dist/bin/uuid"
      }
    },
    "node_modules/xorshift": {
      "version": "1.2.0",
      "resolved": "https://registry.npmjs.org/xorshift/-/xorshift-1.2.0.tgz",
      "integrity": "sha512-iYgNnGyeeJ4t6U11NpA/QiKy+PXn5Aa3Azg5qkwIFz1tBLllQrjjsk9yzD7IAK0naNU4JxdeDgqW9ov4u/hc4g=="
    },
    "node_modules/xtend": {
      "version": "4.0.2",
      "resolved": "https://registry.npmjs.org/xtend/-/xtend-4.0.2.tgz",
      "integrity": "sha512-LKYU1iAXJXUgAXn9URjiu+MWhyUXHsvfp7mcuYm9dSUKK0/CjtrUwFAxD82/mCWbtLsGjFIad0wIsod4zrTAEQ==",
      "engines": {
        "node": ">=0.4"
      }
    }
  }
}
